
Microsoft Visual Studio Solution File, Format Version 12.00
# Visual Studio Version 16
VisualStudioVersion = 16.0.35229.62
MinimumVisualStudioVersion = 10.0.40219.1
Project("{FAE04EC0-301F-11D3-BF4B-00C04F79EFBC}") = "долг3", "долг3\долг3.csproj", "{2AA6084C-4FA9-4027-9F78-AC33CF21BC13}"
EndProject
Global
	GlobalSection(SolutionConfigurationPlatforms) = preSolution
		Debug|Any CPU = Debug|Any CPU
		Release|Any CPU = Release|Any CPU
	EndGlobalSection
	GlobalSection(ProjectConfigurationPlatforms) = postSolution
		{2AA6084C-4FA9-4027-9F78-AC33CF21BC13}.Debug|Any CPU.ActiveCfg = Debug|Any CPU
		{2AA6084C-4FA9-4027-9F78-AC33CF21BC13}.Debug|Any CPU.Build.0 = Debug|Any CPU
		{2AA6084C-4FA9-4027-9F78-AC33CF21BC13}.Release|Any CPU.ActiveCfg = Release|Any CPU
		{2AA6084C-4FA9-4027-9F78-AC33CF21BC13}.Release|Any CPU.Build.0 = Release|Any CPU
	EndGlobalSection
	GlobalSection(SolutionProperties) = preSolution
		HideSolutionNode = FALSE
	EndGlobalSection
	GlobalSection(ExtensibilityGlobals) = postSolution
		SolutionGuid = {245E5B10-0ED5-4424-BEE3-7D3F06C80FCE}
	EndGlobalSection
EndGlobal
